
Microsoft Visual Studio Solution File, Format Version 12.00
# Visual Studio Version 17
VisualStudioVersion = 17.8.34309.116
MinimumVisualStudioVersion = 10.0.40219.1
Project("{9A19103F-16F7-4668-BE54-9A1E7A4F7556}") = "PizzeriaSushi2.0", "PizzeriaSushi2.0\PizzeriaSushi2.0.csproj", "{6FE43D67-22D0-42D9-9ED7-2B8C31ED08A2}"
EndProject
Global
	GlobalSection(SolutionConfigurationPlatforms) = preSolution
		Debug|Any CPU = Debug|Any CPU
		Release|Any CPU = Release|Any CPU
	EndGlobalSection
	GlobalSection(ProjectConfigurationPlatforms) = postSolution
		{6FE43D67-22D0-42D9-9ED7-2B8C31ED08A2}.Debug|Any CPU.ActiveCfg = Debug|Any CPU
		{6FE43D67-22D0-42D9-9ED7-2B8C31ED08A2}.Debug|Any CPU.Build.0 = Debug|Any CPU
		{6FE43D67-22D0-42D9-9ED7-2B8C31ED08A2}.Release|Any CPU.ActiveCfg = Release|Any CPU
		{6FE43D67-22D0-42D9-9ED7-2B8C31ED08A2}.Release|Any CPU.Build.0 = Release|Any CPU
	EndGlobalSection
	GlobalSection(SolutionProperties) = preSolution
		HideSolutionNode = FALSE
	EndGlobalSection
	GlobalSection(ExtensibilityGlobals) = postSolution
		SolutionGuid = {79F05E6B-47BA-48BD-9F16-54D0C14CC71A}
	EndGlobalSection
EndGlobal
